<?xml version="1.0" encoding="utf-8"?>
<Project ToolsVersion="4.0" xmlns="http://schemas.microsoft.com/developer/msbuild/2003">
  <ItemGroup>
    <Filter Include="Source">
      <UniqueIdentifier>{0bfe5390-6eb9-44fc-9e10-4b37e2c09e1b}</UniqueIdentifier>
    </Filter>
    <Filter Include="Source\Player">
      <UniqueIdentifier>{83eaaa51-1c5a-4367-968b-988beb22ea5e}</UniqueIdentifier>
    </Filter>
    <Filter Include="Source\map">
      <UniqueIdentifier>{f8ebb9db-0211-43fc-9f91-0aa12f5165f7}</UniqueIdentifier>
    </Filter>
    <Filter Include="Source\map\manager">
      <UniqueIdentifier>{0f145805-2946-4968-b931-2648860f1198}</UniqueIdentifier>
    </Filter>
  </ItemGroup>
  <ItemGroup>
    <ClCompile Include="Source\Main.cpp">
      <Filter>Source</Filter>
    </ClCompile>
    <ClCompile Include="Source\Player\Player.cpp">
      <Filter>Source\Player</Filter>
    </ClCompile>
    <ClCompile Include="Source\map\map.cpp">
      <Filter>Source\map</Filter>
    </ClCompile>
    <ClCompile Include="Source\map\manager\mapmanager.cpp">
      <Filter>Source\map\manager</Filter>
    </ClCompile>
    <ClCompile Include="Source\map\tileManager\tileManager.cpp" />
  </ItemGroup>
  <ItemGroup>
    <ClInclude Include="Source\Player\Player.h">
      <Filter>Source\Player</Filter>
    </ClInclude>
    <ClInclude Include="Source\map\map.h">
      <Filter>Source\map</Filter>
    </ClInclude>
    <ClInclude Include="Source\map\manager\mapmanager.h">
      <Filter>Source\map\manager</Filter>
    </ClInclude>
    <ClInclude Include="Source\map\tileManager\tileManager.h" />
  </ItemGroup>
</Project>