<?xml version="1.0" encoding="utf-8"?>
<Project ToolsVersion="4.0" xmlns="http://schemas.microsoft.com/developer/msbuild/2003">
  <ItemGroup>
    <Filter Include="Source">
      <UniqueIdentifier>{0bfe5390-6eb9-44fc-9e10-4b37e2c09e1b}</UniqueIdentifier>
    </Filter>
    <Filter Include="Source\Player">
      <UniqueIdentifier>{83eaaa51-1c5a-4367-968b-988beb22ea5e}</UniqueIdentifier>
    </Filter>
    <Filter Include="Source\map">
      <UniqueIdentifier>{f8ebb9db-0211-43fc-9f91-0aa12f5165f7}</UniqueIdentifier>
    </Filter>
    <Filter Include="Source\map\manager">
      <UniqueIdentifier>{0f145805-2946-4968-b931-2648860f1198}</UniqueIdentifier>
    </Filter>
<<<<<<< HEAD
    <Filter Include="Source\Animation">
      <UniqueIdentifier>{0ef02f77-be38-4642-b010-dee9098a43e5}</UniqueIdentifier>
    </Filter>
    <Filter Include="Source\map\tileManager">
      <UniqueIdentifier>{fb581455-969f-4c1e-b395-798565527c8a}</UniqueIdentifier>
    </Filter>
    <Filter Include="Source\Graphics">
      <UniqueIdentifier>{1f7a7aa1-857a-4a2d-b842-5938ecf07463}</UniqueIdentifier>
=======
    <Filter Include="Source\scene">
      <UniqueIdentifier>{966e9874-c6dd-42c8-8160-03a4d363abef}</UniqueIdentifier>
    </Filter>
    <Filter Include="Source\scene\title">
      <UniqueIdentifier>{d231a919-651b-4fc9-a86f-2a8965c5013d}</UniqueIdentifier>
    </Filter>
    <Filter Include="Source\scene\option">
      <UniqueIdentifier>{399a188e-9ba6-4145-bd20-b0e13765e08e}</UniqueIdentifier>
    </Filter>
    <Filter Include="Source\scene\play scene">
      <UniqueIdentifier>{5ee5e699-e974-48ab-a358-974b878750cb}</UniqueIdentifier>
    </Filter>
    <Filter Include="Source\scene\shop">
      <UniqueIdentifier>{21bea240-a045-4f54-8673-504bfea34a15}</UniqueIdentifier>
    </Filter>
    <Filter Include="Source\scene\gameover">
      <UniqueIdentifier>{9fd01007-e524-4c3d-842b-4481dc6b9f5e}</UniqueIdentifier>
    </Filter>
    <Filter Include="Source\scene\game clear">
      <UniqueIdentifier>{b975dda9-c4c3-43ec-b5dd-803d9ce63ea6}</UniqueIdentifier>
>>>>>>> e69a08b1db104a6ed6c0129bae546c2fb559973b
    </Filter>
  </ItemGroup>
  <ItemGroup>
    <ClCompile Include="Source\Main.cpp">
      <Filter>Source</Filter>
    </ClCompile>
    <ClCompile Include="Source\Player\Player.cpp">
      <Filter>Source\Player</Filter>
    </ClCompile>
    <ClCompile Include="Source\map\map.cpp">
      <Filter>Source\map</Filter>
    </ClCompile>
    <ClCompile Include="Source\map\manager\mapmanager.cpp">
      <Filter>Source\map\manager</Filter>
    </ClCompile>
<<<<<<< HEAD
    <ClCompile Include="Source\map\tileManager\tileManager.cpp">
      <Filter>Source\map\tileManager</Filter>
    </ClCompile>
    <ClCompile Include="Source\Animation\Animation.cpp">
      <Filter>Source\Animation</Filter>
    </ClCompile>
    <ClCompile Include="Source\Graphics\SpriteSheet.cpp">
      <Filter>Source\Graphics</Filter>
=======
    <ClCompile Include="Source\map\tileManager\tileManager.cpp" />
    <ClCompile Include="Source\scene\sceneManager.cpp">
      <Filter>Source\scene</Filter>
>>>>>>> e69a08b1db104a6ed6c0129bae546c2fb559973b
    </ClCompile>
  </ItemGroup>
  <ItemGroup>
    <ClInclude Include="Source\Player\Player.h">
      <Filter>Source\Player</Filter>
    </ClInclude>
    <ClInclude Include="Source\map\map.h">
      <Filter>Source\map</Filter>
    </ClInclude>
    <ClInclude Include="Source\map\manager\mapmanager.h">
      <Filter>Source\map\manager</Filter>
    </ClInclude>
<<<<<<< HEAD
    <ClInclude Include="Source\map\tileManager\tileManager.h">
      <Filter>Source\map\tileManager</Filter>
    </ClInclude>
    <ClInclude Include="Source\Animation\Animation.h">
      <Filter>Source\Animation</Filter>
    </ClInclude>
    <ClInclude Include="Source\Graphics\SpriteSheet.h">
      <Filter>Source\Graphics</Filter>
    </ClInclude>
=======
    <ClInclude Include="Source\map\tileManager\tileManager.h" />
    <ClInclude Include="Source\scene\sceneManager.h" />
    <ClInclude Include="Source\scene\scene.h" />
>>>>>>> e69a08b1db104a6ed6c0129bae546c2fb559973b
  </ItemGroup>
</Project>